# THIS IS AN AUTOGENERATED FILE. DO NOT EDIT THIS FILE DIRECTLY.
# yarn lockfile v1


"@rollup/pluginutils@4":
  version "4.1.0"
  resolved "https://registry.npmjs.org/@rollup/pluginutils/-/pluginutils-4.1.0.tgz#0dcc61c780e39257554feb7f77207dceca13c838"
  integrity sha512-TrBhfJkFxA+ER+ew2U2/fHbebhLT/l/2pRk0hfj9KusXUuRXd2v0R58AfaZK9VXDQ4TogOSEmICVrQAA3zFnHQ==
  dependencies:
    estree-walker "^2.0.1"
    picomatch "^2.2.2"

autoprefixer@^10.2.6:
  version "10.2.6"
  resolved "https://registry.npmjs.org/autoprefixer/-/autoprefixer-10.2.6.tgz#aadd9ec34e1c98d403e01950038049f0eb252949"
  integrity sha512-8lChSmdU6dCNMCQopIf4Pe5kipkAGj/fvTMslCsih0uHpOrXOPUEVOmYMMqmw3cekQkSD7EhIeuYl5y0BLdKqg==
  dependencies:
    browserslist "^4.16.6"
    caniuse-lite "^1.0.30001230"
    colorette "^1.2.2"
    fraction.js "^4.1.1"
    normalize-range "^0.1.2"
    postcss-value-parser "^4.1.0"

browserslist@^4.16.6:
  version "4.16.6"
  resolved "https://registry.npmjs.org/browserslist/-/browserslist-4.16.6.tgz#d7901277a5a88e554ed305b183ec9b0c08f66fa2"
  integrity sha512-Wspk/PqO+4W9qp5iUTJsa1B/QrYn1keNCcEP5OvP7WBwT4KaDly0uONYmC6Xa3Z5IqnUgS0KcgLYu1l74x0ZXQ==
  dependencies:
    caniuse-lite "^1.0.30001219"
    colorette "^1.2.2"
    electron-to-chromium "^1.3.723"
    escalade "^3.1.1"
    node-releases "^1.1.71"

caniuse-lite@^1.0.30001219, caniuse-lite@^1.0.30001230:
  version "1.0.30001241"
  resolved "https://registry.npmjs.org/caniuse-lite/-/caniuse-lite-1.0.30001241.tgz#cd3fae47eb3d7691692b406568d7a3e5b23c7598"
  integrity sha512-1uoSZ1Pq1VpH0WerIMqwptXHNNGfdl7d1cJUFs80CwQ/lVzdhTvsFZCeNFslze7AjsQnb4C85tzclPa1VShbeQ==

clean-css@^5.1.3:
  version "5.1.3"
  resolved "https://registry.npmjs.org/clean-css/-/clean-css-5.1.3.tgz#42348778c3acb0083946ba340896802be5517ee2"
  integrity sha512-qGXzUCDpLwAlPx0kYeU4QXjzQIcIYZbJjD4FNm7NnSjoP0hYMVZhHOpUYJ6AwfkMX2cceLRq54MeCgHy/va1cA==
  dependencies:
    source-map "~0.6.0"

colorette@^1.2.2:
  version "1.2.2"
  resolved "https://registry.npmjs.org/colorette/-/colorette-1.2.2.tgz#cbcc79d5e99caea2dbf10eb3a26fd8b3e6acfa94"
  integrity sha512-MKGMzyfeuutC/ZJ1cba9NqcNpfeqMUcYmyF1ZFY6/Cn7CNSAKx6a+s48sqLqyAiZuaP2TcqMhoo+dlwFnVxT9w==

electron-to-chromium@^1.3.723:
  version "1.3.760"
  resolved "https://registry.npmjs.org/electron-to-chromium/-/electron-to-chromium-1.3.760.tgz#cf19c9ae9ff23c0ac6bb289e3b71c09b7c3f8de1"
  integrity sha512-XPKwjX6pHezJWB4FLVuSil9gGmU6XYl27ahUwEHODXF4KjCEB8RuIT05MkU1au2Tdye57o49yY0uCMK+bwUt+A==

escalade@^3.1.1:
  version "3.1.1"
  resolved "https://registry.npmjs.org/escalade/-/escalade-3.1.1.tgz#d8cfdc7000965c5a0174b4a82eaa5c0552742e40"
  integrity sha512-k0er2gUkLf8O0zKJiAhmkTnJlTvINGv7ygDNPbeIsX/TJjGJZHuh9B2UxbsaEkmlEo9MfhrSzmhIlhRlI2GXnw==

estree-walker@^2.0.1:
  version "2.0.2"
  resolved "https://registry.npmjs.org/estree-walker/-/estree-walker-2.0.2.tgz#52f010178c2a4c117a7757cfe942adb7d2da4cac"
  integrity sha512-Rfkk/Mp/DL7JVje3u18FxFujQlTNR2q6QfMSMB7AvCBx91NGj/ba3kCfza0f6dVDbw7YlRf/nDrn7pQrCCyQ/w==

fraction.js@^4.1.1:
  version "4.1.1"
  resolved "https://registry.npmjs.org/fraction.js/-/fraction.js-4.1.1.tgz#ac4e520473dae67012d618aab91eda09bcb400ff"
  integrity sha512-MHOhvvxHTfRFpF1geTK9czMIZ6xclsEor2wkIGYYq+PxcQqT7vStJqjhe6S1TenZrMZzo+wlqOufBDVepUEgPg==

fsevents@~2.3.2:
  version "2.3.2"
  resolved "https://registry.npmjs.org/fsevents/-/fsevents-2.3.2.tgz#8a526f78b8fdf4623b709e0b975c52c24c02fd1a"
  integrity sha512-xiqMQR4xAeHTuB9uWm+fFRcIOgKBMiOBP+eXiyT7jsgVCq1bkVygt00oASowB7EdtpOHaaPgKt812P9ab+DDKA==

nanoid@^3.1.23:
  version "3.1.23"
  resolved "https://registry.npmjs.org/nanoid/-/nanoid-3.1.23.tgz#f744086ce7c2bc47ee0a8472574d5c78e4183a81"
  integrity sha512-FiB0kzdP0FFVGDKlRLEQ1BgDzU87dy5NnzjeW9YZNt+/c3+q82EQDUwniSAUxp/F0gFNI1ZhKU1FqYsMuqZVnw==

node-releases@^1.1.71:
  version "1.1.73"
  resolved "https://registry.npmjs.org/node-releases/-/node-releases-1.1.73.tgz#dd4e81ddd5277ff846b80b52bb40c49edf7a7b20"
  integrity sha512-uW7fodD6pyW2FZNZnp/Z3hvWKeEW1Y8R1+1CnErE8cXFXzl5blBOoVB41CvMer6P6Q0S5FXDwcHgFd1Wj0U9zg==

normalize-range@^0.1.2:
  version "0.1.2"
  resolved "https://registry.npmjs.org/normalize-range/-/normalize-range-0.1.2.tgz#2d10c06bdfd312ea9777695a4d28439456b75942"
  integrity sha1-LRDAa9/TEuqXd2laTShDlFa3WUI=

picomatch@^2.2.2:
  version "2.3.0"
  resolved "https://registry.npmjs.org/picomatch/-/picomatch-2.3.0.tgz#f1f061de8f6a4bf022892e2d128234fb98302972"
  integrity sha512-lY1Q/PiJGC2zOv/z391WOTD+Z02bCgsFfvxoXXf6h7kv9o+WmsmzYqrAwY63sNgOxE4xEdq0WyUnXfKeBrSvYw==

postcss-value-parser@^4.1.0:
  version "4.1.0"
  resolved "https://registry.npmjs.org/postcss-value-parser/-/postcss-value-parser-4.1.0.tgz#443f6a20ced6481a2bda4fa8532a6e55d789a2cb"
  integrity sha512-97DXOFbQJhk71ne5/Mt6cOu6yxsSfM0QGQyl0L25Gca4yGWEGJaig7l7gbCX623VqTBNGLRLaVUCnNkcedlRSQ==

postcss@^8.3.5:
  version "8.3.5"
  resolved "https://registry.npmjs.org/postcss/-/postcss-8.3.5.tgz#982216b113412bc20a86289e91eb994952a5b709"
  integrity sha512-NxTuJocUhYGsMiMFHDUkmjSKT3EdH4/WbGF6GCi1NDGk+vbcUTun4fpbOqaPtD8IIsztA2ilZm2DhYCuyN58gA==
  dependencies:
    colorette "^1.2.2"
    nanoid "^3.1.23"
    source-map-js "^0.6.2"

rollup-plugin-css-only@^3.1.0:
  version "3.1.0"
  resolved "https://registry.npmjs.org/rollup-plugin-css-only/-/rollup-plugin-css-only-3.1.0.tgz#6a701cc5b051c6b3f0961e69b108a9a118e1b1df"
  integrity sha512-TYMOE5uoD76vpj+RTkQLzC9cQtbnJNktHPB507FzRWBVaofg7KhIqq1kGbcVOadARSozWF883Ho9KpSPKH8gqA==
  dependencies:
    "@rollup/pluginutils" "4"

rollup@^2.52.3:
  version "2.52.3"
  resolved "https://registry.npmjs.org/rollup/-/rollup-2.52.3.tgz#062fc3c85f67736d6758749310cfee64836c4e2a"
  integrity sha512-QF3Sju8Kl2z0osI4unyOLyUudyhOMK6G0AeqJWgfiyigqLAlnNrfBcDWDx+f1cqn+JU2iIYVkDrgQ6/KtwEfrg==
  optionalDependencies:
    fsevents "~2.3.2"

source-map-js@^0.6.2:
  version "0.6.2"
  resolved "https://registry.npmjs.org/source-map-js/-/source-map-js-0.6.2.tgz#0bb5de631b41cfbda6cfba8bd05a80efdfd2385e"
  integrity sha512-/3GptzWzu0+0MBQFrDKzw/DvvMTUORvgY6k6jd/VS6iCR4RDTKWH6v6WPwQoUO8667uQEf9Oe38DxAYWY5F/Ug==

source-map@~0.6.0:
  version "0.6.1"
  resolved "https://registry.npmjs.org/source-map/-/source-map-0.6.1.tgz#74722af32e9614e9c287a8d0bbde48b5e2f1a263"
  integrity sha512-UjgapumWlbMhkBgzT7Ykc5YXUT46F0iKu8SGXq0bcwP5dz/h0Plj6enJqjz1Zbq2l5WaqYnrVbwWOWMyF3F47g==
